
Microsoft Visual Studio Solution File, Format Version 12.00
# Visual Studio Version 17
VisualStudioVersion = 17.0.31903.59
MinimumVisualStudioVersion = 10.0.40219.1
Project("{FAE04EC0-301F-11D3-BF4B-00C04F79EFBC}") = "TaskManager.Domain", "TaskManager.Domain\TaskManager.Domain.csproj", "{001136AE-B455-484C-9B14-A9235F2167A2}"
EndProject
Project("{FAE04EC0-301F-11D3-BF4B-00C04F79EFBC}") = "TaskManager.Application", "TaskManager.Application\TaskManager.Application.csproj", "{B29B2F67-77E7-4557-8553-78643029E8EA}"
EndProject
Project("{FAE04EC0-301F-11D3-BF4B-00C04F79EFBC}") = "TaskManager.Infrastructure", "TaskManager.Infrastructure\TaskManager.Infrastructure.csproj", "{B3E25DF1-00F0-466D-A659-B2E2EDD2A41A}"
EndProject
Project("{FAE04EC0-301F-11D3-BF4B-00C04F79EFBC}") = "TaskManager.API", "TaskManager.API\TaskManager.API.csproj", "{0A42A7C3-BC80-4F8E-A630-66C44136A167}"
EndProject
Global
	GlobalSection(SolutionConfigurationPlatforms) = preSolution
		Debug|Any CPU = Debug|Any CPU
		Debug|x64 = Debug|x64
		Debug|x86 = Debug|x86
		Release|Any CPU = Release|Any CPU
		Release|x64 = Release|x64
		Release|x86 = Release|x86
	EndGlobalSection
	GlobalSection(ProjectConfigurationPlatforms) = postSolution
		{001136AE-B455-484C-9B14-A9235F2167A2}.Debug|Any CPU.ActiveCfg = Debug|Any CPU
		{001136AE-B455-484C-9B14-A9235F2167A2}.Debug|Any CPU.Build.0 = Debug|Any CPU
		{001136AE-B455-484C-9B14-A9235F2167A2}.Debug|x64.ActiveCfg = Debug|Any CPU
		{001136AE-B455-484C-9B14-A9235F2167A2}.Debug|x64.Build.0 = Debug|Any CPU
		{001136AE-B455-484C-9B14-A9235F2167A2}.Debug|x86.ActiveCfg = Debug|Any CPU
		{001136AE-B455-484C-9B14-A9235F2167A2}.Debug|x86.Build.0 = Debug|Any CPU
		{001136AE-B455-484C-9B14-A9235F2167A2}.Release|Any CPU.ActiveCfg = Release|Any CPU
		{001136AE-B455-484C-9B14-A9235F2167A2}.Release|Any CPU.Build.0 = Release|Any CPU
		{001136AE-B455-484C-9B14-A9235F2167A2}.Release|x64.ActiveCfg = Release|Any CPU
		{001136AE-B455-484C-9B14-A9235F2167A2}.Release|x64.Build.0 = Release|Any CPU
		{001136AE-B455-484C-9B14-A9235F2167A2}.Release|x86.ActiveCfg = Release|Any CPU
		{001136AE-B455-484C-9B14-A9235F2167A2}.Release|x86.Build.0 = Release|Any CPU
		{B29B2F67-77E7-4557-8553-78643029E8EA}.Debug|Any CPU.ActiveCfg = Debug|Any CPU
		{B29B2F67-77E7-4557-8553-78643029E8EA}.Debug|Any CPU.Build.0 = Debug|Any CPU
		{B29B2F67-77E7-4557-8553-78643029E8EA}.Debug|x64.ActiveCfg = Debug|Any CPU
		{B29B2F67-77E7-4557-8553-78643029E8EA}.Debug|x64.Build.0 = Debug|Any CPU
		{B29B2F67-77E7-4557-8553-78643029E8EA}.Debug|x86.ActiveCfg = Debug|Any CPU
		{B29B2F67-77E7-4557-8553-78643029E8EA}.Debug|x86.Build.0 = Debug|Any CPU
		{B29B2F67-77E7-4557-8553-78643029E8EA}.Release|Any CPU.ActiveCfg = Release|Any CPU
		{B29B2F67-77E7-4557-8553-78643029E8EA}.Release|Any CPU.Build.0 = Release|Any CPU
		{B29B2F67-77E7-4557-8553-78643029E8EA}.Release|x64.ActiveCfg = Release|Any CPU
		{B29B2F67-77E7-4557-8553-78643029E8EA}.Release|x64.Build.0 = Release|Any CPU
		{B29B2F67-77E7-4557-8553-78643029E8EA}.Release|x86.ActiveCfg = Release|Any CPU
		{B29B2F67-77E7-4557-8553-78643029E8EA}.Release|x86.Build.0 = Release|Any CPU
		{B3E25DF1-00F0-466D-A659-B2E2EDD2A41A}.Debug|Any CPU.ActiveCfg = Debug|Any CPU
		{B3E25DF1-00F0-466D-A659-B2E2EDD2A41A}.Debug|Any CPU.Build.0 = Debug|Any CPU
		{B3E25DF1-00F0-466D-A659-B2E2EDD2A41A}.Debug|x64.ActiveCfg = Debug|Any CPU
		{B3E25DF1-00F0-466D-A659-B2E2EDD2A41A}.Debug|x64.Build.0 = Debug|Any CPU
		{B3E25DF1-00F0-466D-A659-B2E2EDD2A41A}.Debug|x86.ActiveCfg = Debug|Any CPU
		{B3E25DF1-00F0-466D-A659-B2E2EDD2A41A}.Debug|x86.Build.0 = Debug|Any CPU
		{B3E25DF1-00F0-466D-A659-B2E2EDD2A41A}.Release|Any CPU.ActiveCfg = Release|Any CPU
		{B3E25DF1-00F0-466D-A659-B2E2EDD2A41A}.Release|Any CPU.Build.0 = Release|Any CPU
		{B3E25DF1-00F0-466D-A659-B2E2EDD2A41A}.Release|x64.ActiveCfg = Release|Any CPU
		{B3E25DF1-00F0-466D-A659-B2E2EDD2A41A}.Release|x64.Build.0 = Release|Any CPU
		{B3E25DF1-00F0-466D-A659-B2E2EDD2A41A}.Release|x86.ActiveCfg = Release|Any CPU
		{B3E25DF1-00F0-466D-A659-B2E2EDD2A41A}.Release|x86.Build.0 = Release|Any CPU
		{0A42A7C3-BC80-4F8E-A630-66C44136A167}.Debug|Any CPU.ActiveCfg = Debug|Any CPU
		{0A42A7C3-BC80-4F8E-A630-66C44136A167}.Debug|Any CPU.Build.0 = Debug|Any CPU
		{0A42A7C3-BC80-4F8E-A630-66C44136A167}.Debug|x64.ActiveCfg = Debug|Any CPU
		{0A42A7C3-BC80-4F8E-A630-66C44136A167}.Debug|x64.Build.0 = Debug|Any CPU
		{0A42A7C3-BC80-4F8E-A630-66C44136A167}.Debug|x86.ActiveCfg = Debug|Any CPU
		{0A42A7C3-BC80-4F8E-A630-66C44136A167}.Debug|x86.Build.0 = Debug|Any CPU
		{0A42A7C3-BC80-4F8E-A630-66C44136A167}.Release|Any CPU.ActiveCfg = Release|Any CPU
		{0A42A7C3-BC80-4F8E-A630-66C44136A167}.Release|Any CPU.Build.0 = Release|Any CPU
		{0A42A7C3-BC80-4F8E-A630-66C44136A167}.Release|x64.ActiveCfg = Release|Any CPU
		{0A42A7C3-BC80-4F8E-A630-66C44136A167}.Release|x64.Build.0 = Release|Any CPU
		{0A42A7C3-BC80-4F8E-A630-66C44136A167}.Release|x86.ActiveCfg = Release|Any CPU
		{0A42A7C3-BC80-4F8E-A630-66C44136A167}.Release|x86.Build.0 = Release|Any CPU
	EndGlobalSection
	GlobalSection(SolutionProperties) = preSolution
		HideSolutionNode = FALSE
	EndGlobalSection
EndGlobal
